// !$*UTF8*$!
{
	archiveVersion = 1;
	classes = {
	};
	objectVersion = 46;
	objects = {

/* Begin PBXBuildFile section */
		2053EB131D928BD6003E17A4 /* main.m in Sources */ = {isa = PBXBuildFile; fileRef = 2053EB121D928BD6003E17A4 /* main.m */; };
		2053EB161D928BD6003E17A4 /* AppDelegate.m in Sources */ = {isa = PBXBuildFile; fileRef = 2053EB151D928BD6003E17A4 /* AppDelegate.m */; };
		2053EB191D928BD6003E17A4 /* MasterViewController.m in Sources */ = {isa = PBXBuildFile; fileRef = 2053EB181D928BD6003E17A4 /* MasterViewController.m */; };
		2053EB1C1D928BD6003E17A4 /* DetailViewController.m in Sources */ = {isa = PBXBuildFile; fileRef = 2053EB1B1D928BD6003E17A4 /* DetailViewController.m */; };
		2053EB1F1D928BD6003E17A4 /* Main.storyboard in Resources */ = {isa = PBXBuildFile; fileRef = 2053EB1D1D928BD6003E17A4 /* Main.storyboard */; };
		2053EB211D928BD6003E17A4 /* Assets.xcassets in Resources */ = {isa = PBXBuildFile; fileRef = 2053EB201D928BD6003E17A4 /* Assets.xcassets */; };
		2053EB241D928BD6003E17A4 /* LaunchScreen.storyboard in Resources */ = {isa = PBXBuildFile; fileRef = 2053EB221D928BD6003E17A4 /* LaunchScreen.storyboard */; };
		2053EB2F1D928BD6003E17A4 /* WSAlertActionViewTests.m in Sources */ = {isa = PBXBuildFile; fileRef = 2053EB2E1D928BD6003E17A4 /* WSAlertActionViewTests.m */; };
		2053EB3A1D928BD6003E17A4 /* WSAlertActionViewUITests.m in Sources */ = {isa = PBXBuildFile; fileRef = 2053EB391D928BD6003E17A4 /* WSAlertActionViewUITests.m */; };
/* End PBXBuildFile section */

/* Begin PBXContainerItemProxy section */
		2053EB2B1D928BD6003E17A4 /* PBXContainerItemProxy */ = {
			isa = PBXContainerItemProxy;
			containerPortal = 2053EB061D928BD6003E17A4 /* Project object */;
			proxyType = 1;
			remoteGlobalIDString = 2053EB0D1D928BD6003E17A4;
			remoteInfo = WSAlertActionView;
		};
		2053EB361D928BD6003E17A4 /* PBXContainerItemProxy */ = {
			isa = PBXContainerItemProxy;
			containerPortal = 2053EB061D928BD6003E17A4 /* Project object */;
			proxyType = 1;
			remoteGlobalIDString = 2053EB0D1D928BD6003E17A4;
			remoteInfo = WSAlertActionView;
		};
/* End PBXContainerItemProxy section */

/* Begin PBXFileReference section */
		2053EB0E1D928BD6003E17A4 /* WSAlertActionView.app */ = {isa = PBXFileReference; explicitFileType = wrapper.application; includeInIndex = 0; path = WSAlertActionView.app; sourceTree = BUILT_PRODUCTS_DIR; };
		2053EB121D928BD6003E17A4 /* main.m */ = {isa = PBXFileReference; lastKnownFileType = sourcecode.c.objc; path = main.m; sourceTree = "<group>"; };
		2053EB141D928BD6003E17A4 /* AppDelegate.h */ = {isa = PBXFileReference; lastKnownFileType = sourcecode.c.h; path = AppDelegate.h; sourceTree = "<group>"; };
		2053EB151D928BD6003E17A4 /* AppDelegate.m */ = {isa = PBXFileReference; lastKnownFileType = sourcecode.c.objc; path = AppDelegate.m; sourceTree = "<group>"; };
		2053EB171D928BD6003E17A4 /* MasterViewController.h */ = {isa = PBXFileReference; lastKnownFileType = sourcecode.c.h; path = MasterViewController.h; sourceTree = "<group>"; };
		2053EB181D928BD6003E17A4 /* MasterViewController.m */ = {isa = PBXFileReference; lastKnownFileType = sourcecode.c.objc; path = MasterViewController.m; sourceTree = "<group>"; };
		2053EB1A1D928BD6003E17A4 /* DetailViewController.h */ = {isa = PBXFileReference; lastKnownFileType = sourcecode.c.h; path = DetailViewController.h; sourceTree = "<group>"; };
		2053EB1B1D928BD6003E17A4 /* DetailViewController.m */ = {isa = PBXFileReference; lastKnownFileType = sourcecode.c.objc; path = DetailViewController.m; sourceTree = "<group>"; };
		2053EB1E1D928BD6003E17A4 /* Base */ = {isa = PBXFileReference; lastKnownFileType = file.storyboard; name = Base; path = Base.lproj/Main.storyboard; sourceTree = "<group>"; };
		2053EB201D928BD6003E17A4 /* Assets.xcassets */ = {isa = PBXFileReference; lastKnownFileType = folder.assetcatalog; path = Assets.xcassets; sourceTree = "<group>"; };
		2053EB231D928BD6003E17A4 /* Base */ = {isa = PBXFileReference; lastKnownFileType = file.storyboard; name = Base; path = Base.lproj/LaunchScreen.storyboard; sourceTree = "<group>"; };
		2053EB251D928BD6003E17A4 /* Info.plist */ = {isa = PBXFileReference; lastKnownFileType = text.plist.xml; path = Info.plist; sourceTree = "<group>"; };
		2053EB2A1D928BD6003E17A4 /* WSAlertActionViewTests.xctest */ = {isa = PBXFileReference; explicitFileType = wrapper.cfbundle; includeInIndex = 0; path = WSAlertActionViewTests.xctest; sourceTree = BUILT_PRODUCTS_DIR; };
		2053EB2E1D928BD6003E17A4 /* WSAlertActionViewTests.m */ = {isa = PBXFileReference; lastKnownFileType = sourcecode.c.objc; path = WSAlertActionViewTests.m; sourceTree = "<group>"; };
		2053EB301D928BD6003E17A4 /* Info.plist */ = {isa = PBXFileReference; lastKnownFileType = text.plist.xml; path = Info.plist; sourceTree = "<group>"; };
		2053EB351D928BD6003E17A4 /* WSAlertActionViewUITests.xctest */ = {isa = PBXFileReference; explicitFileType = wrapper.cfbundle; includeInIndex = 0; path = WSAlertActionViewUITests.xctest; sourceTree = BUILT_PRODUCTS_DIR; };
		2053EB391D928BD6003E17A4 /* WSAlertActionViewUITests.m */ = {isa = PBXFileReference; lastKnownFileType = sourcecode.c.objc; path = WSAlertActionViewUITests.m; sourceTree = "<group>"; };
		2053EB3B1D928BD6003E17A4 /* Info.plist */ = {isa = PBXFileReference; lastKnownFileType = text.plist.xml; path = Info.plist; sourceTree = "<group>"; };
/* End PBXFileReference section */

/* Begin PBXFrameworksBuildPhase section */
		2053EB0B1D928BD6003E17A4 /* Frameworks */ = {
			isa = PBXFrameworksBuildPhase;
			buildActionMask = 2147483647;
			files = (
			);
			runOnlyForDeploymentPostprocessing = 0;
		};
		2053EB271D928BD6003E17A4 /* Frameworks */ = {
			isa = PBXFrameworksBuildPhase;
			buildActionMask = 2147483647;
			files = (
			);
			runOnlyForDeploymentPostprocessing = 0;
		};
		2053EB321D928BD6003E17A4 /* Frameworks */ = {
			isa = PBXFrameworksBuildPhase;
			buildActionMask = 2147483647;
			files = (
			);
			runOnlyForDeploymentPostprocessing = 0;
		};
/* End PBXFrameworksBuildPhase section */

/* Begin PBXGroup section */
		2053EB051D928BD6003E17A4 = {
			isa = PBXGroup;
			children = (
				2053EB101D928BD6003E17A4 /* WSAlertActionView */,
				2053EB2D1D928BD6003E17A4 /* WSAlertActionViewTests */,
				2053EB381D928BD6003E17A4 /* WSAlertActionViewUITests */,
				2053EB0F1D928BD6003E17A4 /* Products */,
			);
			sourceTree = "<group>";
		};
		2053EB0F1D928BD6003E17A4 /* Products */ = {
			isa = PBXGroup;
			children = (
				2053EB0E1D928BD6003E17A4 /* WSAlertActionView.app */,
				2053EB2A1D928BD6003E17A4 /* WSAlertActionViewTests.xctest */,
				2053EB351D928BD6003E17A4 /* WSAlertActionViewUITests.xctest */,
			);
			name = Products;
			sourceTree = "<group>";
		};
		2053EB101D928BD6003E17A4 /* WSAlertActionView */ = {
			isa = PBXGroup;
			children = (
				2053EB141D928BD6003E17A4 /* AppDelegate.h */,
				2053EB151D928BD6003E17A4 /* AppDelegate.m */,
				2053EB171D928BD6003E17A4 /* MasterViewController.h */,
				2053EB181D928BD6003E17A4 /* MasterViewController.m */,
				2053EB1A1D928BD6003E17A4 /* DetailViewController.h */,
				2053EB1B1D928BD6003E17A4 /* DetailViewController.m */,
				2053EB1D1D928BD6003E17A4 /* Main.storyboard */,
				2053EB201D928BD6003E17A4 /* Assets.xcassets */,
				2053EB221D928BD6003E17A4 /* LaunchScreen.storyboard */,
				2053EB251D928BD6003E17A4 /* Info.plist */,
				2053EB111D928BD6003E17A4 /* Supporting Files */,
			);
			path = WSAlertActionView;
			sourceTree = "<group>";
		};
		2053EB111D928BD6003E17A4 /* Supporting Files */ = {
			isa = PBXGroup;
			children = (
				2053EB121D928BD6003E17A4 /* main.m */,
			);
			name = "Supporting Files";
			sourceTree = "<group>";
		};
		2053EB2D1D928BD6003E17A4 /* WSAlertActionViewTests */ = {
			isa = PBXGroup;
			children = (
				2053EB2E1D928BD6003E17A4 /* WSAlertActionViewTests.m */,
				2053EB301D928BD6003E17A4 /* Info.plist */,
			);
			path = WSAlertActionViewTests;
			sourceTree = "<group>";
		};
		2053EB381D928BD6003E17A4 /* WSAlertActionViewUITests */ = {
			isa = PBXGroup;
			children = (
				2053EB391D928BD6003E17A4 /* WSAlertActionViewUITests.m */,
				2053EB3B1D928BD6003E17A4 /* Info.plist */,
			);
			path = WSAlertActionViewUITests;
			sourceTree = "<group>";
		};
/* End PBXGroup section */

/* Begin PBXNativeTarget section */
		2053EB0D1D928BD6003E17A4 /* WSAlertActionView */ = {
			isa = PBXNativeTarget;
			buildConfigurationList = 2053EB3E1D928BD6003E17A4 /* Build configuration list for PBXNativeTarget "WSAlertActionView" */;
			buildPhases = (
				2053EB0A1D928BD6003E17A4 /* Sources */,
				2053EB0B1D928BD6003E17A4 /* Frameworks */,
				2053EB0C1D928BD6003E17A4 /* Resources */,
			);
			buildRules = (
			);
			dependencies = (
			);
			name = WSAlertActionView;
			productName = WSAlertActionView;
			productReference = 2053EB0E1D928BD6003E17A4 /* WSAlertActionView.app */;
			productType = "com.apple.product-type.application";
		};
		2053EB291D928BD6003E17A4 /* WSAlertActionViewTests */ = {
			isa = PBXNativeTarget;
			buildConfigurationList = 2053EB411D928BD6003E17A4 /* Build configuration list for PBXNativeTarget "WSAlertActionViewTests" */;
			buildPhases = (
				2053EB261D928BD6003E17A4 /* Sources */,
				2053EB271D928BD6003E17A4 /* Frameworks */,
				2053EB281D928BD6003E17A4 /* Resources */,
			);
			buildRules = (
			);
			dependencies = (
				2053EB2C1D928BD6003E17A4 /* PBXTargetDependency */,
			);
			name = WSAlertActionViewTests;
			productName = WSAlertActionViewTests;
			productReference = 2053EB2A1D928BD6003E17A4 /* WSAlertActionViewTests.xctest */;
			productType = "com.apple.product-type.bundle.unit-test";
		};
		2053EB341D928BD6003E17A4 /* WSAlertActionViewUITests */ = {
			isa = PBXNativeTarget;
			buildConfigurationList = 2053EB441D928BD6003E17A4 /* Build configuration list for PBXNativeTarget "WSAlertActionViewUITests" */;
			buildPhases = (
				2053EB311D928BD6003E17A4 /* Sources */,
				2053EB321D928BD6003E17A4 /* Frameworks */,
				2053EB331D928BD6003E17A4 /* Resources */,
			);
			buildRules = (
			);
			dependencies = (
				2053EB371D928BD6003E17A4 /* PBXTargetDependency */,
			);
			name = WSAlertActionViewUITests;
			productName = WSAlertActionViewUITests;
			productReference = 2053EB351D928BD6003E17A4 /* WSAlertActionViewUITests.xctest */;
			productType = "com.apple.product-type.bundle.ui-testing";
		};
/* End PBXNativeTarget section */

/* Begin PBXProject section */
		2053EB061D928BD6003E17A4 /* Project object */ = {
			isa = PBXProject;
			attributes = {
				LastUpgradeCheck = 0730;
				ORGANIZATIONNAME = warron;
				TargetAttributes = {
					2053EB0D1D928BD6003E17A4 = {
						CreatedOnToolsVersion = 7.3;
					};
					2053EB291D928BD6003E17A4 = {
						CreatedOnToolsVersion = 7.3;
						TestTargetID = 2053EB0D1D928BD6003E17A4;
					};
					2053EB341D928BD6003E17A4 = {
						CreatedOnToolsVersion = 7.3;
						TestTargetID = 2053EB0D1D928BD6003E17A4;
					};
				};
			};
			buildConfigurationList = 2053EB091D928BD6003E17A4 /* Build configuration list for PBXProject "WSAlertActionView" */;
			compatibilityVersion = "Xcode 3.2";
			developmentRegion = English;
			hasScannedForEncodings = 0;
			knownRegions = (
				en,
				Base,
			);
			mainGroup = 2053EB051D928BD6003E17A4;
			productRefGroup = 2053EB0F1D928BD6003E17A4 /* Products */;
			projectDirPath = "";
			projectRoot = "";
			targets = (
				2053EB0D1D928BD6003E17A4 /* WSAlertActionView */,
				2053EB291D928BD6003E17A4 /* WSAlertActionViewTests */,
				2053EB341D928BD6003E17A4 /* WSAlertActionViewUITests */,
			);
		};
/* End PBXProject section */

/* Begin PBXResourcesBuildPhase section */
		2053EB0C1D928BD6003E17A4 /* Resources */ = {
			isa = PBXResourcesBuildPhase;
			buildActionMask = 2147483647;
			files = (
				2053EB241D928BD6003E17A4 /* LaunchScreen.storyboard in Resources */,
				2053EB211D928BD6003E17A4 /* Assets.xcassets in Resources */,
				2053EB1F1D928BD6003E17A4 /* Main.storyboard in Resources */,
			);
			runOnlyForDeploymentPostprocessing = 0;
		};
		2053EB281D928BD6003E17A4 /* Resources */ = {
			isa = PBXResourcesBuildPhase;
			buildActionMask = 2147483647;
			files = (
			);
			runOnlyForDeploymentPostprocessing = 0;
		};
		2053EB331D928BD6003E17A4 /* Resources */ = {
			isa = PBXResourcesBuildPhase;
			buildActionMask = 2147483647;
			files = (
			);
			runOnlyForDeploymentPostprocessing = 0;
		};
/* End PBXResourcesBuildPhase section */

/* Begin PBXSourcesBuildPhase section */
		2053EB0A1D928BD6003E17A4 /* Sources */ = {
			isa = PBXSourcesBuildPhase;
			buildActionMask = 2147483647;
			files = (
				2053EB161D928BD6003E17A4 /* AppDelegate.m in Sources */,
				2053EB191D928BD6003E17A4 /* MasterViewController.m in Sources */,
				2053EB131D928BD6003E17A4 /* main.m in Sources */,
				2053EB1C1D928BD6003E17A4 /* DetailViewController.m in Sources */,
			);
			runOnlyForDeploymentPostprocessing = 0;
		};
		2053EB261D928BD6003E17A4 /* Sources */ = {
			isa = PBXSourcesBuildPhase;
			buildActionMask = 2147483647;
			files = (
				2053EB2F1D928BD6003E17A4 /* WSAlertActionViewTests.m in Sources */,
			);
			runOnlyForDeploymentPostprocessing = 0;
		};
		2053EB311D928BD6003E17A4 /* Sources */ = {
			isa = PBXSourcesBuildPhase;
			buildActionMask = 2147483647;
			files = (
				2053EB3A1D928BD6003E17A4 /* WSAlertActionViewUITests.m in Sources */,
			);
			runOnlyForDeploymentPostprocessing = 0;
		};
/* End PBXSourcesBuildPhase section */

/* Begin PBXTargetDependency section */
		2053EB2C1D928BD6003E17A4 /* PBXTargetDependency */ = {
			isa = PBXTargetDependency;
			target = 2053EB0D1D928BD6003E17A4 /* WSAlertActionView */;
			targetProxy = 2053EB2B1D928BD6003E17A4 /* PBXContainerItemProxy */;
		};
		2053EB371D928BD6003E17A4 /* PBXTargetDependency */ = {
			isa = PBXTargetDependency;
			target = 2053EB0D1D928BD6003E17A4 /* WSAlertActionView */;
			targetProxy = 2053EB361D928BD6003E17A4 /* PBXContainerItemProxy */;
		};
/* End PBXTargetDependency section */

/* Begin PBXVariantGroup section */
		2053EB1D1D928BD6003E17A4 /* Main.storyboard */ = {
			isa = PBXVariantGroup;
			children = (
				2053EB1E1D928BD6003E17A4 /* Base */,
			);
			name = Main.storyboard;
			sourceTree = "<group>";
		};
		2053EB221D928BD6003E17A4 /* LaunchScreen.storyboard */ = {
			isa = PBXVariantGroup;
			children = (
				2053EB231D928BD6003E17A4 /* Base */,
			);
			name = LaunchScreen.storyboard;
			sourceTree = "<group>";
		};
/* End PBXVariantGroup section */

/* Begin XCBuildConfiguration section */
		2053EB3C1D928BD6003E17A4 /* Debug */ = {
			isa = XCBuildConfiguration;
			buildSettings = {
				ALWAYS_SEARCH_USER_PATHS = NO;
				CLANG_ANALYZER_NONNULL = YES;
				CLANG_CXX_LANGUAGE_STANDARD = "gnu++0x";
				CLANG_CXX_LIBRARY = "libc++";
				CLANG_ENABLE_MODULES = YES;
				CLANG_ENABLE_OBJC_ARC = YES;
				CLANG_WARN_BOOL_CONVERSION = YES;
				CLANG_WARN_CONSTANT_CONVERSION = YES;
				CLANG_WARN_DIRECT_OBJC_ISA_USAGE = YES_ERROR;
				CLANG_WARN_EMPTY_BODY = YES;
				CLANG_WARN_ENUM_CONVERSION = YES;
				CLANG_WARN_INT_CONVERSION = YES;
				CLANG_WARN_OBJC_ROOT_CLASS = YES_ERROR;
				CLANG_WARN_UNREACHABLE_CODE = YES;
				CLANG_WARN__DUPLICATE_METHOD_MATCH = YES;
				"CODE_SIGN_IDENTITY[sdk=iphoneos*]" = "iPhone Developer";
				COPY_PHASE_STRIP = NO;
				DEBUG_INFORMATION_FORMAT = dwarf;
				ENABLE_STRICT_OBJC_MSGSEND = YES;
				ENABLE_TESTABILITY = YES;
				GCC_C_LANGUAGE_STANDARD = gnu99;
				GCC_DYNAMIC_NO_PIC = NO;
				GCC_NO_COMMON_BLOCKS = YES;
				GCC_OPTIMIZATION_LEVEL = 0;
				GCC_PREPROCESSOR_DEFINITIONS = (
					"DEBUG=1",
					"$(inherited)",
				);
				GCC_WARN_64_TO_32_BIT_CONVERSION = YES;
				GCC_WARN_ABOUT_RETURN_TYPE = YES_ERROR;
				GCC_WARN_UNDECLARED_SELECTOR = YES;
				GCC_WARN_UNINITIALIZED_AUTOS = YES_AGGRESSIVE;
				GCC_WARN_UNUSED_FUNCTION = YES;
				GCC_WARN_UNUSED_VARIABLE = YES;
				IPHONEOS_DEPLOYMENT_TARGET = 9.3;
				MTL_ENABLE_DEBUG_INFO = YES;
				ONLY_ACTIVE_ARCH = YES;
				SDKROOT = iphoneos;
				TARGETED_DEVICE_FAMILY = "1,2";
			};
			name = Debug;
		};
		2053EB3D1D928BD6003E17A4 /* Release */ = {
			isa = XCBuildConfiguration;
			buildSettings = {
				ALWAYS_SEARCH_USER_PATHS = NO;
				CLANG_ANALYZER_NONNULL = YES;
				CLANG_CXX_LANGUAGE_STANDARD = "gnu++0x";
				CLANG_CXX_LIBRARY = "libc++";
				CLANG_ENABLE_MODULES = YES;
				CLANG_ENABLE_OBJC_ARC = YES;
				CLANG_WARN_BOOL_CONVERSION = YES;
				CLANG_WARN_CONSTANT_CONVERSION = YES;
				CLANG_WARN_DIRECT_OBJC_ISA_USAGE = YES_ERROR;
				CLANG_WARN_EMPTY_BODY = YES;
				CLANG_WARN_ENUM_CONVERSION = YES;
				CLANG_WARN_INT_CONVERSION = YES;
				CLANG_WARN_OBJC_ROOT_CLASS = YES_ERROR;
				CLANG_WARN_UNREACHABLE_CODE = YES;
				CLANG_WARN__DUPLICATE_METHOD_MATCH = YES;
				"CODE_SIGN_IDENTITY[sdk=iphoneos*]" = "iPhone Developer";
				COPY_PHASE_STRIP = NO;
				DEBUG_INFORMATION_FORMAT = "dwarf-with-dsym";
				ENABLE_NS_ASSERTIONS = NO;
				ENABLE_STRICT_OBJC_MSGSEND = YES;
				GCC_C_LANGUAGE_STANDARD = gnu99;
				GCC_NO_COMMON_BLOCKS = YES;
				GCC_WARN_64_TO_32_BIT_CONVERSION = YES;
				GCC_WARN_ABOUT_RETURN_TYPE = YES_ERROR;
				GCC_WARN_UNDECLARED_SELECTOR = YES;
				GCC_WARN_UNINITIALIZED_AUTOS = YES_AGGRESSIVE;
				GCC_WARN_UNUSED_FUNCTION = YES;
				GCC_WARN_UNUSED_VARIABLE = YES;
				IPHONEOS_DEPLOYMENT_TARGET = 9.3;
				MTL_ENABLE_DEBUG_INFO = NO;
				SDKROOT = iphoneos;
				TARGETED_DEVICE_FAMILY = "1,2";
				VALIDATE_PRODUCT = YES;
			};
			name = Release;
		};
		2053EB3F1D928BD6003E17A4 /* Debug */ = {
			isa = XCBuildConfiguration;
			buildSettings = {
				ASSETCATALOG_COMPILER_APPICON_NAME = AppIcon;
				INFOPLIST_FILE = WSAlertActionView/Info.plist;
				LD_RUNPATH_SEARCH_PATHS = "$(inherited) @executable_path/Frameworks";
				PRODUCT_BUNDLE_IDENTIFIER = warron.WSAlertActionView;
				PRODUCT_NAME = "$(TARGET_NAME)";
			};
			name = Debug;
		};
		2053EB401D928BD6003E17A4 /* Release */ = {
			isa = XCBuildConfiguration;
			buildSettings = {
				ASSETCATALOG_COMPILER_APPICON_NAME = AppIcon;
				INFOPLIST_FILE = WSAlertActionView/Info.plist;
				LD_RUNPATH_SEARCH_PATHS = "$(inherited) @executable_path/Frameworks";
				PRODUCT_BUNDLE_IDENTIFIER = warron.WSAlertActionView;
				PRODUCT_NAME = "$(TARGET_NAME)";
			};
			name = Release;
		};
		2053EB421D928BD6003E17A4 /* Debug */ = {
			isa = XCBuildConfiguration;
			buildSettings = {
				BUNDLE_LOADER = "$(TEST_HOST)";
				INFOPLIST_FILE = WSAlertActionViewTests/Info.plist;
				LD_RUNPATH_SEARCH_PATHS = "$(inherited) @executable_path/Frameworks @loader_path/Frameworks";
				PRODUCT_BUNDLE_IDENTIFIER = warron.WSAlertActionViewTests;
				PRODUCT_NAME = "$(TARGET_NAME)";
				TEST_HOST = "$(BUILT_PRODUCTS_DIR)/WSAlertActionView.app/WSAlertActionView";
			};
			name = Debug;
		};
		2053EB431D928BD6003E17A4 /* Release */ = {
			isa = XCBuildConfiguration;
			buildSettings = {
				BUNDLE_LOADER = "$(TEST_HOST)";
				INFOPLIST_FILE = WSAlertActionViewTests/Info.plist;
				LD_RUNPATH_SEARCH_PATHS = "$(inherited) @executable_path/Frameworks @loader_path/Frameworks";
				PRODUCT_BUNDLE_IDENTIFIER = warron.WSAlertActionViewTests;
				PRODUCT_NAME = "$(TARGET_NAME)";
				TEST_HOST = "$(BUILT_PRODUCTS_DIR)/WSAlertActionView.app/WSAlertActionView";
			};
			name = Release;
		};
		2053EB451D928BD6003E17A4 /* Debug */ = {
			isa = XCBuildConfiguration;
			buildSettings = {
				INFOPLIST_FILE = WSAlertActionViewUITests/Info.plist;
				LD_RUNPATH_SEARCH_PATHS = "$(inherited) @executable_path/Frameworks @loader_path/Frameworks";
				PRODUCT_BUNDLE_IDENTIFIER = warron.WSAlertActionViewUITests;
				PRODUCT_NAME = "$(TARGET_NAME)";
				TEST_TARGET_NAME = WSAlertActionView;
			};
			name = Debug;
		};
		2053EB461D928BD6003E17A4 /* Release */ = {
			isa = XCBuildConfiguration;
			buildSettings = {
				INFOPLIST_FILE = WSAlertActionViewUITests/Info.plist;
				LD_RUNPATH_SEARCH_PATHS = "$(inherited) @executable_path/Frameworks @loader_path/Frameworks";
				PRODUCT_BUNDLE_IDENTIFIER = warron.WSAlertActionViewUITests;
				PRODUCT_NAME = "$(TARGET_NAME)";
				TEST_TARGET_NAME = WSAlertActionView;
			};
			name = Release;
		};
/* End XCBuildConfiguration section */

/* Begin XCConfigurationList section */
		2053EB091D928BD6003E17A4 /* Build configuration list for PBXProject "WSAlertActionView" */ = {
			isa = XCConfigurationList;
			buildConfigurations = (
				2053EB3C1D928BD6003E17A4 /* Debug */,
				2053EB3D1D928BD6003E17A4 /* Release */,
			);
			defaultConfigurationIsVisible = 0;
			defaultConfigurationName = Release;
		};
		2053EB3E1D928BD6003E17A4 /* Build configuration list for PBXNativeTarget "WSAlertActionView" */ = {
			isa = XCConfigurationList;
			buildConfigurations = (
				2053EB3F1D928BD6003E17A4 /* Debug */,
				2053EB401D928BD6003E17A4 /* Release */,
			);
			defaultConfigurationIsVisible = 0;
		};
		2053EB411D928BD6003E17A4 /* Build configuration list for PBXNativeTarget "WSAlertActionViewTests" */ = {
			isa = XCConfigurationList;
			buildConfigurations = (
				2053EB421D928BD6003E17A4 /* Debug */,
				2053EB431D928BD6003E17A4 /* Release */,
			);
			defaultConfigurationIsVisible = 0;
		};
		2053EB441D928BD6003E17A4 /* Build configuration list for PBXNativeTarget "WSAlertActionViewUITests" */ = {
			isa = XCConfigurationList;
			buildConfigurations = (
				2053EB451D928BD6003E17A4 /* Debug */,
				2053EB461D928BD6003E17A4 /* Release */,
			);
			defaultConfigurationIsVisible = 0;
		};
/* End XCConfigurationList section */
	};
	rootObject = 2053EB061D928BD6003E17A4 /* Project object */;
}
